<?xml version="1.0" encoding="utf-8"?>
<Project ToolsVersion="4.0" xmlns="http://schemas.microsoft.com/developer/msbuild/2003">
  <ItemGroup>
    <Filter Include="Fichiers sources">
      <UniqueIdentifier>{4FC737F1-C7A5-4376-A066-2A32D752A2FF}</UniqueIdentifier>
      <Extensions>cpp;c;cc;cxx;c++;cppm;ixx;def;odl;idl;hpj;bat;asm;asmx</Extensions>
    </Filter>
    <Filter Include="Fichiers d%27en-tête">
      <UniqueIdentifier>{93995380-89BD-4b04-88EB-625FBE52EBFB}</UniqueIdentifier>
      <Extensions>h;hh;hpp;hxx;h++;hm;inl;inc;ipp;xsd</Extensions>
    </Filter>
    <Filter Include="Fichiers de ressources">
      <UniqueIdentifier>{67DA6AB6-F800-4c08-8B7A-83BB121AAD01}</UniqueIdentifier>
      <Extensions>rc;ico;cur;bmp;dlg;rc2;rct;bin;rgs;gif;jpg;jpeg;jpe;resx;tiff;tif;png;wav;mfcribbon-ms</Extensions>
    </Filter>
    <Filter Include="Fichiers sources\densities">
      <UniqueIdentifier>{a6b67b57-5d2d-4127-88e8-74f1baadfca1}</UniqueIdentifier>
    </Filter>
    <Filter Include="Fichiers d%27en-tête\densities">
      <UniqueIdentifier>{e91e259e-1fd1-4dd7-9a2c-5567fe0a5dfc}</UniqueIdentifier>
    </Filter>
    <Filter Include="Fichiers d%27en-tête\engine">
      <UniqueIdentifier>{a5eac954-898b-49f3-9db1-625a63893b32}</UniqueIdentifier>
    </Filter>
    <Filter Include="Fichiers d%27en-tête\text">
      <UniqueIdentifier>{268c54b4-ec07-4b51-8ed2-af1c92df3922}</UniqueIdentifier>
    </Filter>
    <Filter Include="Fichiers sources\text">
      <UniqueIdentifier>{7a67a81b-46ee-4f09-aacc-3b852a5a3521}</UniqueIdentifier>
    </Filter>
    <Filter Include="Fichiers sources\imgui">
      <UniqueIdentifier>{549e7de3-7d79-4227-8c23-d286f53f6cbf}</UniqueIdentifier>
    </Filter>
    <Filter Include="Fichiers d%27en-tête\UI">
      <UniqueIdentifier>{8b61f2bd-12a1-4118-81a6-71fdf169c1bc}</UniqueIdentifier>
    </Filter>
    <Filter Include="Fichiers sources\UI">
      <UniqueIdentifier>{b8df0e89-7437-4433-b070-8d98bcefa1dc}</UniqueIdentifier>
    </Filter>
    <Filter Include="Fichiers d%27en-tête\AI">
      <UniqueIdentifier>{440aaa43-4fc9-4ecb-9402-420d125dfa9b}</UniqueIdentifier>
    </Filter>
    <Filter Include="Fichiers sources\AI">
      <UniqueIdentifier>{69b2d4f7-7c9c-4cbc-b875-8f1193701d76}</UniqueIdentifier>
    </Filter>
  </ItemGroup>
  <ItemGroup>
    <ClCompile Include="src\glad.c">
      <Filter>Fichiers sources</Filter>
    </ClCompile>
    <ClCompile Include="src\shaders\Shader.cpp">
      <Filter>Fichiers sources</Filter>
    </ClCompile>
    <ClCompile Include="src\geometry\Quad.cpp">
      <Filter>Fichiers sources</Filter>
    </ClCompile>
    <ClCompile Include="src\Heatmap.cpp">
      <Filter>Fichiers sources</Filter>
    </ClCompile>
    <ClCompile Include="src\main.cpp">
      <Filter>Fichiers sources</Filter>
    </ClCompile>
    <ClCompile Include="src\OrderBook.cpp">
      <Filter>Fichiers sources</Filter>
    </ClCompile>
    <ClCompile Include="src\input_callbacks.cpp">
      <Filter>Fichiers sources</Filter>
    </ClCompile>
    <ClCompile Include="src\densities\densities_add_liq.cpp">
      <Filter>Fichiers sources\densities</Filter>
    </ClCompile>
    <ClCompile Include="src\densities\densities_market_order.cpp">
      <Filter>Fichiers sources\densities</Filter>
    </ClCompile>
    <ClCompile Include="src\densities\densities_mod_liq.cpp">
      <Filter>Fichiers sources\densities</Filter>
    </ClCompile>
    <ClCompile Include="src\Text\TextRenderer.cpp">
      <Filter>Fichiers sources\text</Filter>
    </ClCompile>
    <ClCompile Include="src\Text\YAxis.cpp">
      <Filter>Fichiers sources\text</Filter>
    </ClCompile>
    <ClCompile Include="src\SimuParams.cpp">
      <Filter>Fichiers sources</Filter>
    </ClCompile>
    <ClCompile Include="src\densities\density_brownian.cpp">
      <Filter>Fichiers sources\densities</Filter>
    </ClCompile>
    <ClCompile Include="src\densities\density_power.cpp">
      <Filter>Fichiers sources\densities</Filter>
    </ClCompile>
    <ClCompile Include="src\densities\density_round.cpp">
      <Filter>Fichiers sources\densities</Filter>
    </ClCompile>
    <ClCompile Include="src\densities\density_utils.cpp">
      <Filter>Fichiers sources\densities</Filter>
    </ClCompile>
    <ClCompile Include="src\imgui\imgui.cpp">
      <Filter>Fichiers sources\imgui</Filter>
    </ClCompile>
    <ClCompile Include="src\imgui\imgui_draw.cpp">
      <Filter>Fichiers sources\imgui</Filter>
    </ClCompile>
    <ClCompile Include="src\imgui\imgui_impl_glfw.cpp">
      <Filter>Fichiers sources\imgui</Filter>
    </ClCompile>
    <ClCompile Include="src\imgui\imgui_impl_opengl3.cpp">
      <Filter>Fichiers sources\imgui</Filter>
    </ClCompile>
    <ClCompile Include="src\imgui\imgui_tables.cpp">
      <Filter>Fichiers sources\imgui</Filter>
    </ClCompile>
    <ClCompile Include="src\imgui\imgui_widgets.cpp">
      <Filter>Fichiers sources\imgui</Filter>
    </ClCompile>
    <ClCompile Include="src\UI\model_parameters.cpp">
      <Filter>Fichiers sources\UI</Filter>
    </ClCompile>
    <ClCompile Include="src\renderDomHistogram.cpp">
      <Filter>Fichiers sources</Filter>
    </ClCompile>
    <ClCompile Include="src\UI\buttonsForTrades.cpp">
      <Filter>Fichiers sources\UI</Filter>
    </ClCompile>
    <ClCompile Include="src\AI\NeuralNetwork.cpp">
      <Filter>Fichiers sources\AI</Filter>
    </ClCompile>
    <ClCompile Include="src\AI\TradingAI.cpp">
      <Filter>Fichiers sources\AI</Filter>
    </ClCompile>
  </ItemGroup>
  <ItemGroup>
    <ClInclude Include="src\geometry\Quad.h">
      <Filter>Fichiers d%27en-tête</Filter>
    </ClInclude>
    <ClInclude Include="include\glad\glad.h">
      <Filter>Fichiers d%27en-tête</Filter>
    </ClInclude>
    <ClInclude Include="include\Shader.h">
      <Filter>Fichiers d%27en-tête</Filter>
    </ClInclude>
    <ClInclude Include="include\Heatmap.h">
      <Filter>Fichiers d%27en-tête</Filter>
    </ClInclude>
    <ClInclude Include="include\utils.h">
      <Filter>Fichiers d%27en-tête</Filter>
    </ClInclude>
    <ClInclude Include="include\input_callbacks.h">
      <Filter>Fichiers d%27en-tête</Filter>
    </ClInclude>
    <ClInclude Include="include\Densities\densities_add_liq.h">
      <Filter>Fichiers d%27en-tête\densities</Filter>
    </ClInclude>
    <ClInclude Include="include\Densities\densities_market_order.h">
      <Filter>Fichiers d%27en-tête\densities</Filter>
    </ClInclude>
    <ClInclude Include="include\Densities\densities_mod_liq.h">
      <Filter>Fichiers d%27en-tête\densities</Filter>
    </ClInclude>
    <ClInclude Include="include\Engine\Order.h">
      <Filter>Fichiers d%27en-tête\engine</Filter>
    </ClInclude>
    <ClInclude Include="include\Engine\OrderBook.h">
      <Filter>Fichiers d%27en-tête\engine</Filter>
    </ClInclude>
    <ClInclude Include="include\Text\TextRenderer.h">
      <Filter>Fichiers d%27en-tête\text</Filter>
    </ClInclude>
    <ClInclude Include="include\Text\YAxis.h">
      <Filter>Fichiers d%27en-tête\text</Filter>
    </ClInclude>
    <ClInclude Include="include\engine\SimuParams.h">
      <Filter>Fichiers d%27en-tête\engine</Filter>
    </ClInclude>
    <ClInclude Include="include\densities\density_brownian.h">
      <Filter>Fichiers d%27en-tête\densities</Filter>
    </ClInclude>
    <ClInclude Include="include\densities\density_power.h">
      <Filter>Fichiers d%27en-tête\densities</Filter>
    </ClInclude>
    <ClInclude Include="include\densities\density_round.h">
      <Filter>Fichiers d%27en-tête\densities</Filter>
    </ClInclude>
    <ClInclude Include="include\densities\density_utils.h">
      <Filter>Fichiers d%27en-tête\densities</Filter>
    </ClInclude>
    <ClInclude Include="include\UI\model_parameters.h">
      <Filter>Fichiers d%27en-tête\UI</Filter>
    </ClInclude>
    <ClInclude Include="include\renderDomHistogram.h">
      <Filter>Fichiers d%27en-tête</Filter>
    </ClInclude>
    <ClInclude Include="include\UI\buttonsForTrades.h">
      <Filter>Fichiers d%27en-tête\UI</Filter>
    </ClInclude>
    <ClInclude Include="include\AI\NeuralNetwork.h">
      <Filter>Fichiers d%27en-tête\AI</Filter>
    </ClInclude>
    <ClInclude Include="include\AI\TradingAI.h">
      <Filter>Fichiers d%27en-tête\AI</Filter>
    </ClInclude>
    <ClInclude Include="include\AI\Activations.h">
      <Filter>Fichiers d%27en-tête\AI</Filter>
    </ClInclude>
    <ClInclude Include="include\AI\RewardWindow.h">
      <Filter>Fichiers d%27en-tête\AI</Filter>
    </ClInclude>
  </ItemGroup>
  <ItemGroup>
    <None Include="src\shaders\heatmap.frag">
      <Filter>Fichiers de ressources</Filter>
    </None>
    <None Include="src\shaders\heatmap.vert">
      <Filter>Fichiers de ressources</Filter>
    </None>
    <None Include="src\shaders\text.frag">
      <Filter>Fichiers de ressources</Filter>
    </None>
    <None Include="src\shaders\text.vert">
      <Filter>Fichiers de ressources</Filter>
    </None>
    <None Include="src\shaders\domBar.frag">
      <Filter>Fichiers de ressources</Filter>
    </None>
    <None Include="src\shaders\domBar.vert">
      <Filter>Fichiers de ressources</Filter>
    </None>
    <None Include="README.md">
      <Filter>Fichiers sources</Filter>
    </None>
    <None Include="src\shaders\button.frag">
      <Filter>Fichiers de ressources</Filter>
    </None>
    <None Include="src\shaders\button.vert">
      <Filter>Fichiers de ressources</Filter>
    </None>
    <None Include="src\AI\configAI.json">
      <Filter>Fichiers sources\AI</Filter>
    </None>
  </ItemGroup>
</Project>